
Microsoft Visual Studio Solution File, Format Version 12.00
# Visual Studio Version 17
VisualStudioVersion = 17.1.32407.343
MinimumVisualStudioVersion = 10.0.40219.1
Project("{FAE04EC0-301F-11D3-BF4B-00C04F79EFBC}") = "WebApi1", "WebApi1\WebApi1.csproj", "{6E644701-C5DD-4DD0-92C3-804E9DE16EC2}"
EndProject
Project("{FAE04EC0-301F-11D3-BF4B-00C04F79EFBC}") = "Data", "Data\Data.csproj", "{ADE58590-56DB-4C23-B9E3-C475EEC6F135}"
EndProject
Global
	GlobalSection(SolutionConfigurationPlatforms) = preSolution
		Debug|Any CPU = Debug|Any CPU
		Release|Any CPU = Release|Any CPU
	EndGlobalSection
	GlobalSection(ProjectConfigurationPlatforms) = postSolution
		{6E644701-C5DD-4DD0-92C3-804E9DE16EC2}.Debug|Any CPU.ActiveCfg = Debug|Any CPU
		{6E644701-C5DD-4DD0-92C3-804E9DE16EC2}.Debug|Any CPU.Build.0 = Debug|Any CPU
		{6E644701-C5DD-4DD0-92C3-804E9DE16EC2}.Release|Any CPU.ActiveCfg = Release|Any CPU
		{6E644701-C5DD-4DD0-92C3-804E9DE16EC2}.Release|Any CPU.Build.0 = Release|Any CPU
		{ADE58590-56DB-4C23-B9E3-C475EEC6F135}.Debug|Any CPU.ActiveCfg = Debug|Any CPU
		{ADE58590-56DB-4C23-B9E3-C475EEC6F135}.Debug|Any CPU.Build.0 = Debug|Any CPU
		{ADE58590-56DB-4C23-B9E3-C475EEC6F135}.Release|Any CPU.ActiveCfg = Release|Any CPU
		{ADE58590-56DB-4C23-B9E3-C475EEC6F135}.Release|Any CPU.Build.0 = Release|Any CPU
	EndGlobalSection
	GlobalSection(SolutionProperties) = preSolution
		HideSolutionNode = FALSE
	EndGlobalSection
	GlobalSection(ExtensibilityGlobals) = postSolution
		SolutionGuid = {B25D8A56-ED5B-4B30-9A99-6ADB823294DC}
	EndGlobalSection
EndGlobal
